
Microsoft Visual Studio Solution File, Format Version 10.00
# Visual Studio 2008
Project("{8BC9CEB8-8B4A-11D0-8D11-00A0C91BC942}") = "CyberLink", "lib\win32\vs2008\CyberLink.vcproj", "{CAAA75D9-77E0-46CB-B5A8-666A65EAC8E0}"
EndProject
Project("{8BC9CEB8-8B4A-11D0-8D11-00A0C91BC942}") = "upnpdump", "sample\upnpdump\win32\vs2008\upnpdump.vcproj", "{AF4434E5-A29F-4BA8-A5EE-40D5A8AEEB4D}"
	ProjectSection(ProjectDependencies) = postProject
		{F8AB745B-DACA-4A75-AD90-235760B2E847} = {F8AB745B-DACA-4A75-AD90-235760B2E847}
		{CAAA75D9-77E0-46CB-B5A8-666A65EAC8E0} = {CAAA75D9-77E0-46CB-B5A8-666A65EAC8E0}
	EndProjectSection
EndProject
Project("{8BC9CEB8-8B4A-11D0-8D11-00A0C91BC942}") = "MediaGate", "sample\media\server\win32\vs2008\MediaGate.vcproj", "{01596A32-B814-4463-9CCC-5567AD664A68}"
	ProjectSection(ProjectDependencies) = postProject
		{F8AB745B-DACA-4A75-AD90-235760B2E847} = {F8AB745B-DACA-4A75-AD90-235760B2E847}
		{CAAA75D9-77E0-46CB-B5A8-666A65EAC8E0} = {CAAA75D9-77E0-46CB-B5A8-666A65EAC8E0}
	EndProjectSection
EndProject
Project("{8BC9CEB8-8B4A-11D0-8D11-00A0C91BC942}") = "CyberLinkMedia", "lib\win32\vs2008\CyberLinkMedia.vcproj", "{F8AB745B-DACA-4A75-AD90-235760B2E847}"
	ProjectSection(ProjectDependencies) = postProject
		{CAAA75D9-77E0-46CB-B5A8-666A65EAC8E0} = {CAAA75D9-77E0-46CB-B5A8-666A65EAC8E0}
	EndProjectSection
EndProject
Project("{8BC9CEB8-8B4A-11D0-8D11-00A0C91BC942}") = "serverdump", "sample\media\serverdump\win32\vs2008\serverdump.vcproj", "{9E5FE71D-01BF-4F16-91D2-96EF6AD30D8A}"
	ProjectSection(ProjectDependencies) = postProject
		{F8AB745B-DACA-4A75-AD90-235760B2E847} = {F8AB745B-DACA-4A75-AD90-235760B2E847}
		{CAAA75D9-77E0-46CB-B5A8-666A65EAC8E0} = {CAAA75D9-77E0-46CB-B5A8-666A65EAC8E0}
	EndProjectSection
EndProject
Project("{8BC9CEB8-8B4A-11D0-8D11-00A0C91BC942}") = "Clock", "sample\clock\win32\vs2008\Clock.vcproj", "{A4A2C44F-0709-4FCD-8F6D-E5CBAC0DEA00}"
	ProjectSection(ProjectDependencies) = postProject
		{F8AB745B-DACA-4A75-AD90-235760B2E847} = {F8AB745B-DACA-4A75-AD90-235760B2E847}
		{CAAA75D9-77E0-46CB-B5A8-666A65EAC8E0} = {CAAA75D9-77E0-46CB-B5A8-666A65EAC8E0}
	EndProjectSection
EndProject
Project("{8BC9CEB8-8B4A-11D0-8D11-00A0C91BC942}") = "TV", "sample\tv\win32\vs2008\TV.vcproj", "{52D13008-956F-41B2-99C9-10CD20504384}"
	ProjectSection(ProjectDependencies) = postProject
		{F8AB745B-DACA-4A75-AD90-235760B2E847} = {F8AB745B-DACA-4A75-AD90-235760B2E847}
		{CAAA75D9-77E0-46CB-B5A8-666A65EAC8E0} = {CAAA75D9-77E0-46CB-B5A8-666A65EAC8E0}
	EndProjectSection
EndProject
Project("{2150E333-8FDC-42A3-9474-1A3956D46DE8}") = "samples", "samples", "{173913A0-7D37-444D-9ED0-8E943D2525B7}"
EndProject
Project("{8BC9CEB8-8B4A-11D0-8D11-00A0C91BC942}") = "FTL_ALL", "..\..\FTL_ALL\FTL_ALL.vcproj", "{F6E52FA5-531E-4A52-99F7-9465A309A3EB}"
EndProject
Project("{8BC9CEB8-8B4A-11D0-8D11-00A0C91BC942}") = "MediaServerDemo", "sample\MediaServerDemo\MediaServerDemo.vcproj", "{451359FB-D166-4C8A-9FC0-630E028F2D31}"
	ProjectSection(ProjectDependencies) = postProject
		{F8AB745B-DACA-4A75-AD90-235760B2E847} = {F8AB745B-DACA-4A75-AD90-235760B2E847}
		{CAAA75D9-77E0-46CB-B5A8-666A65EAC8E0} = {CAAA75D9-77E0-46CB-B5A8-666A65EAC8E0}
	EndProjectSection
EndProject
Global
	GlobalSection(SolutionConfigurationPlatforms) = preSolution
		Debug|Win32 = Debug|Win32
		Release|Win32 = Release|Win32
	EndGlobalSection
	GlobalSection(ProjectConfigurationPlatforms) = postSolution
		{CAAA75D9-77E0-46CB-B5A8-666A65EAC8E0}.Debug|Win32.ActiveCfg = Debug|Win32
		{CAAA75D9-77E0-46CB-B5A8-666A65EAC8E0}.Debug|Win32.Build.0 = Debug|Win32
		{CAAA75D9-77E0-46CB-B5A8-666A65EAC8E0}.Release|Win32.ActiveCfg = Release|Win32
		{CAAA75D9-77E0-46CB-B5A8-666A65EAC8E0}.Release|Win32.Build.0 = Release|Win32
		{AF4434E5-A29F-4BA8-A5EE-40D5A8AEEB4D}.Debug|Win32.ActiveCfg = Debug|Win32
		{AF4434E5-A29F-4BA8-A5EE-40D5A8AEEB4D}.Debug|Win32.Build.0 = Debug|Win32
		{AF4434E5-A29F-4BA8-A5EE-40D5A8AEEB4D}.Release|Win32.ActiveCfg = Release|Win32
		{AF4434E5-A29F-4BA8-A5EE-40D5A8AEEB4D}.Release|Win32.Build.0 = Release|Win32
		{01596A32-B814-4463-9CCC-5567AD664A68}.Debug|Win32.ActiveCfg = Debug|Win32
		{01596A32-B814-4463-9CCC-5567AD664A68}.Debug|Win32.Build.0 = Debug|Win32
		{01596A32-B814-4463-9CCC-5567AD664A68}.Release|Win32.ActiveCfg = Release|Win32
		{01596A32-B814-4463-9CCC-5567AD664A68}.Release|Win32.Build.0 = Release|Win32
		{F8AB745B-DACA-4A75-AD90-235760B2E847}.Debug|Win32.ActiveCfg = Debug|Win32
		{F8AB745B-DACA-4A75-AD90-235760B2E847}.Debug|Win32.Build.0 = Debug|Win32
		{F8AB745B-DACA-4A75-AD90-235760B2E847}.Release|Win32.ActiveCfg = Release|Win32
		{F8AB745B-DACA-4A75-AD90-235760B2E847}.Release|Win32.Build.0 = Release|Win32
		{9E5FE71D-01BF-4F16-91D2-96EF6AD30D8A}.Debug|Win32.ActiveCfg = Debug|Win32
		{9E5FE71D-01BF-4F16-91D2-96EF6AD30D8A}.Debug|Win32.Build.0 = Debug|Win32
		{9E5FE71D-01BF-4F16-91D2-96EF6AD30D8A}.Release|Win32.ActiveCfg = Release|Win32
		{9E5FE71D-01BF-4F16-91D2-96EF6AD30D8A}.Release|Win32.Build.0 = Release|Win32
		{A4A2C44F-0709-4FCD-8F6D-E5CBAC0DEA00}.Debug|Win32.ActiveCfg = Debug|Win32
		{A4A2C44F-0709-4FCD-8F6D-E5CBAC0DEA00}.Debug|Win32.Build.0 = Debug|Win32
		{A4A2C44F-0709-4FCD-8F6D-E5CBAC0DEA00}.Release|Win32.ActiveCfg = Release|Win32
		{A4A2C44F-0709-4FCD-8F6D-E5CBAC0DEA00}.Release|Win32.Build.0 = Release|Win32
		{52D13008-956F-41B2-99C9-10CD20504384}.Debug|Win32.ActiveCfg = Debug|Win32
		{52D13008-956F-41B2-99C9-10CD20504384}.Debug|Win32.Build.0 = Debug|Win32
		{52D13008-956F-41B2-99C9-10CD20504384}.Release|Win32.ActiveCfg = Release|Win32
		{52D13008-956F-41B2-99C9-10CD20504384}.Release|Win32.Build.0 = Release|Win32
		{F6E52FA5-531E-4A52-99F7-9465A309A3EB}.Debug|Win32.ActiveCfg = Debug|Win32
		{F6E52FA5-531E-4A52-99F7-9465A309A3EB}.Release|Win32.ActiveCfg = Release|Win32
		{451359FB-D166-4C8A-9FC0-630E028F2D31}.Debug|Win32.ActiveCfg = Debug|Win32
		{451359FB-D166-4C8A-9FC0-630E028F2D31}.Debug|Win32.Build.0 = Debug|Win32
		{451359FB-D166-4C8A-9FC0-630E028F2D31}.Release|Win32.ActiveCfg = Release|Win32
		{451359FB-D166-4C8A-9FC0-630E028F2D31}.Release|Win32.Build.0 = Release|Win32
	EndGlobalSection
	GlobalSection(SolutionProperties) = preSolution
		HideSolutionNode = FALSE
	EndGlobalSection
	GlobalSection(NestedProjects) = preSolution
		{01596A32-B814-4463-9CCC-5567AD664A68} = {173913A0-7D37-444D-9ED0-8E943D2525B7}
		{9E5FE71D-01BF-4F16-91D2-96EF6AD30D8A} = {173913A0-7D37-444D-9ED0-8E943D2525B7}
		{A4A2C44F-0709-4FCD-8F6D-E5CBAC0DEA00} = {173913A0-7D37-444D-9ED0-8E943D2525B7}
		{52D13008-956F-41B2-99C9-10CD20504384} = {173913A0-7D37-444D-9ED0-8E943D2525B7}
		{AF4434E5-A29F-4BA8-A5EE-40D5A8AEEB4D} = {173913A0-7D37-444D-9ED0-8E943D2525B7}
		{451359FB-D166-4C8A-9FC0-630E028F2D31} = {173913A0-7D37-444D-9ED0-8E943D2525B7}
	EndGlobalSection
EndGlobal
