
Microsoft Visual Studio Solution File, Format Version 10.00
# Visual Studio 2008
Project("{8BC9CEB8-8B4A-11D0-8D11-00A0C91BC942}") = "MotleyFool", "MotleyFool.vcproj", "{9328F42B-EB04-407D-AE0B-0CC77B6E3EC2}"
EndProject
Project("{8BC9CEB8-8B4A-11D0-8D11-00A0C91BC942}") = "ComCaller", "..\ComStudy\ComCaller\ComCaller.vcproj", "{D7C29AB0-4774-42A0-9031-6E1DE4500DA8}"
EndProject
Project("{8BC9CEB8-8B4A-11D0-8D11-00A0C91BC942}") = "FTL_ALL", "..\..\FTL_ALL\FTL_ALL.vcproj", "{F6E52FA5-531E-4A52-99F7-9465A309A3EB}"
EndProject
Project("{8BC9CEB8-8B4A-11D0-8D11-00A0C91BC942}") = "FanXianIEPlugin", "..\..\FanxianTao\Plugins\IE\FanXianIEPlugin.vcproj", "{F08BFC7D-408B-4CB3-B041-D1A9FCD37E6B}"
EndProject
Project("{8BC9CEB8-8B4A-11D0-8D11-00A0C91BC942}") = "FTLTest", "..\FTLTest\FTLTest.vcproj", "{D6E5245F-5369-4EFF-8C7F-ECFA84C31D22}"
EndProject
Project("{8BC9CEB8-8B4A-11D0-8D11-00A0C91BC942}") = "STLTester", "..\STL\STLTester\STLTester2008.vcproj", "{8CDD8B3B-730A-4E1D-BDDE-8F008BF47A90}"
EndProject
Global
	GlobalSection(SolutionConfigurationPlatforms) = preSolution
		Debug_Need_Operator|Win32 = Debug_Need_Operator|Win32
		Debug_Need_Operator|x64 = Debug_Need_Operator|x64
		Debug|Win32 = Debug|Win32
		Debug|x64 = Debug|x64
		Release_Need_Operator|Win32 = Release_Need_Operator|Win32
		Release_Need_Operator|x64 = Release_Need_Operator|x64
		Release|Win32 = Release|Win32
		Release|x64 = Release|x64
	EndGlobalSection
	GlobalSection(ProjectConfigurationPlatforms) = postSolution
		{9328F42B-EB04-407D-AE0B-0CC77B6E3EC2}.Debug_Need_Operator|Win32.ActiveCfg = Debug|x64
		{9328F42B-EB04-407D-AE0B-0CC77B6E3EC2}.Debug_Need_Operator|x64.ActiveCfg = Debug|x64
		{9328F42B-EB04-407D-AE0B-0CC77B6E3EC2}.Debug_Need_Operator|x64.Build.0 = Debug|x64
		{9328F42B-EB04-407D-AE0B-0CC77B6E3EC2}.Debug|Win32.ActiveCfg = Debug|Win32
		{9328F42B-EB04-407D-AE0B-0CC77B6E3EC2}.Debug|Win32.Build.0 = Debug|Win32
		{9328F42B-EB04-407D-AE0B-0CC77B6E3EC2}.Debug|x64.ActiveCfg = Debug|x64
		{9328F42B-EB04-407D-AE0B-0CC77B6E3EC2}.Debug|x64.Build.0 = Debug|x64
		{9328F42B-EB04-407D-AE0B-0CC77B6E3EC2}.Release_Need_Operator|Win32.ActiveCfg = Release|x64
		{9328F42B-EB04-407D-AE0B-0CC77B6E3EC2}.Release_Need_Operator|x64.ActiveCfg = Release|x64
		{9328F42B-EB04-407D-AE0B-0CC77B6E3EC2}.Release_Need_Operator|x64.Build.0 = Release|x64
		{9328F42B-EB04-407D-AE0B-0CC77B6E3EC2}.Release|Win32.ActiveCfg = Release|Win32
		{9328F42B-EB04-407D-AE0B-0CC77B6E3EC2}.Release|Win32.Build.0 = Release|Win32
		{9328F42B-EB04-407D-AE0B-0CC77B6E3EC2}.Release|x64.ActiveCfg = Release|x64
		{9328F42B-EB04-407D-AE0B-0CC77B6E3EC2}.Release|x64.Build.0 = Release|x64
		{D7C29AB0-4774-42A0-9031-6E1DE4500DA8}.Debug_Need_Operator|Win32.ActiveCfg = Debug|Win32
		{D7C29AB0-4774-42A0-9031-6E1DE4500DA8}.Debug_Need_Operator|Win32.Build.0 = Debug|Win32
		{D7C29AB0-4774-42A0-9031-6E1DE4500DA8}.Debug_Need_Operator|x64.ActiveCfg = Debug|Win32
		{D7C29AB0-4774-42A0-9031-6E1DE4500DA8}.Debug|Win32.ActiveCfg = Debug|Win32
		{D7C29AB0-4774-42A0-9031-6E1DE4500DA8}.Debug|x64.ActiveCfg = Debug|Win32
		{D7C29AB0-4774-42A0-9031-6E1DE4500DA8}.Release_Need_Operator|Win32.ActiveCfg = Release|Win32
		{D7C29AB0-4774-42A0-9031-6E1DE4500DA8}.Release_Need_Operator|Win32.Build.0 = Release|Win32
		{D7C29AB0-4774-42A0-9031-6E1DE4500DA8}.Release_Need_Operator|x64.ActiveCfg = Release|Win32
		{D7C29AB0-4774-42A0-9031-6E1DE4500DA8}.Release|Win32.ActiveCfg = Release|Win32
		{D7C29AB0-4774-42A0-9031-6E1DE4500DA8}.Release|x64.ActiveCfg = Release|Win32
		{F6E52FA5-531E-4A52-99F7-9465A309A3EB}.Debug_Need_Operator|Win32.ActiveCfg = Debug|x64
		{F6E52FA5-531E-4A52-99F7-9465A309A3EB}.Debug_Need_Operator|x64.ActiveCfg = Debug|x64
		{F6E52FA5-531E-4A52-99F7-9465A309A3EB}.Debug_Need_Operator|x64.Build.0 = Debug|x64
		{F6E52FA5-531E-4A52-99F7-9465A309A3EB}.Debug|Win32.ActiveCfg = Debug|Win32
		{F6E52FA5-531E-4A52-99F7-9465A309A3EB}.Debug|x64.ActiveCfg = Debug|x64
		{F6E52FA5-531E-4A52-99F7-9465A309A3EB}.Release_Need_Operator|Win32.ActiveCfg = Release|x64
		{F6E52FA5-531E-4A52-99F7-9465A309A3EB}.Release_Need_Operator|x64.ActiveCfg = Release|x64
		{F6E52FA5-531E-4A52-99F7-9465A309A3EB}.Release_Need_Operator|x64.Build.0 = Release|x64
		{F6E52FA5-531E-4A52-99F7-9465A309A3EB}.Release|Win32.ActiveCfg = Release|Win32
		{F6E52FA5-531E-4A52-99F7-9465A309A3EB}.Release|x64.ActiveCfg = Release|x64
		{F08BFC7D-408B-4CB3-B041-D1A9FCD37E6B}.Debug_Need_Operator|Win32.ActiveCfg = Debug|x64
		{F08BFC7D-408B-4CB3-B041-D1A9FCD37E6B}.Debug_Need_Operator|x64.ActiveCfg = Debug|x64
		{F08BFC7D-408B-4CB3-B041-D1A9FCD37E6B}.Debug_Need_Operator|x64.Build.0 = Debug|x64
		{F08BFC7D-408B-4CB3-B041-D1A9FCD37E6B}.Debug|Win32.ActiveCfg = Debug|Win32
		{F08BFC7D-408B-4CB3-B041-D1A9FCD37E6B}.Debug|x64.ActiveCfg = Debug|x64
		{F08BFC7D-408B-4CB3-B041-D1A9FCD37E6B}.Release_Need_Operator|Win32.ActiveCfg = Release|x64
		{F08BFC7D-408B-4CB3-B041-D1A9FCD37E6B}.Release_Need_Operator|x64.ActiveCfg = Release|x64
		{F08BFC7D-408B-4CB3-B041-D1A9FCD37E6B}.Release_Need_Operator|x64.Build.0 = Release|x64
		{F08BFC7D-408B-4CB3-B041-D1A9FCD37E6B}.Release|Win32.ActiveCfg = Release|Win32
		{F08BFC7D-408B-4CB3-B041-D1A9FCD37E6B}.Release|x64.ActiveCfg = Release|x64
		{D6E5245F-5369-4EFF-8C7F-ECFA84C31D22}.Debug_Need_Operator|Win32.ActiveCfg = Debug|x64
		{D6E5245F-5369-4EFF-8C7F-ECFA84C31D22}.Debug_Need_Operator|x64.ActiveCfg = Debug|x64
		{D6E5245F-5369-4EFF-8C7F-ECFA84C31D22}.Debug_Need_Operator|x64.Build.0 = Debug|x64
		{D6E5245F-5369-4EFF-8C7F-ECFA84C31D22}.Debug|Win32.ActiveCfg = Debug|Win32
		{D6E5245F-5369-4EFF-8C7F-ECFA84C31D22}.Debug|Win32.Build.0 = Debug|Win32
		{D6E5245F-5369-4EFF-8C7F-ECFA84C31D22}.Debug|x64.ActiveCfg = Debug|x64
		{D6E5245F-5369-4EFF-8C7F-ECFA84C31D22}.Release_Need_Operator|Win32.ActiveCfg = Release|x64
		{D6E5245F-5369-4EFF-8C7F-ECFA84C31D22}.Release_Need_Operator|x64.ActiveCfg = Release|x64
		{D6E5245F-5369-4EFF-8C7F-ECFA84C31D22}.Release_Need_Operator|x64.Build.0 = Release|x64
		{D6E5245F-5369-4EFF-8C7F-ECFA84C31D22}.Release|Win32.ActiveCfg = Release|Win32
		{D6E5245F-5369-4EFF-8C7F-ECFA84C31D22}.Release|Win32.Build.0 = Release|Win32
		{D6E5245F-5369-4EFF-8C7F-ECFA84C31D22}.Release|x64.ActiveCfg = Release|x64
		{D6E5245F-5369-4EFF-8C7F-ECFA84C31D22}.Release|x64.Build.0 = Release|x64
		{8CDD8B3B-730A-4E1D-BDDE-8F008BF47A90}.Debug_Need_Operator|Win32.ActiveCfg = Debug_Need_Operator|Win32
		{8CDD8B3B-730A-4E1D-BDDE-8F008BF47A90}.Debug_Need_Operator|Win32.Build.0 = Debug_Need_Operator|Win32
		{8CDD8B3B-730A-4E1D-BDDE-8F008BF47A90}.Debug_Need_Operator|x64.ActiveCfg = Debug_Need_Operator|Win32
		{8CDD8B3B-730A-4E1D-BDDE-8F008BF47A90}.Debug|Win32.ActiveCfg = Debug|Win32
		{8CDD8B3B-730A-4E1D-BDDE-8F008BF47A90}.Debug|Win32.Build.0 = Debug|Win32
		{8CDD8B3B-730A-4E1D-BDDE-8F008BF47A90}.Debug|x64.ActiveCfg = Debug|Win32
		{8CDD8B3B-730A-4E1D-BDDE-8F008BF47A90}.Release_Need_Operator|Win32.ActiveCfg = Release_Need_Operator|Win32
		{8CDD8B3B-730A-4E1D-BDDE-8F008BF47A90}.Release_Need_Operator|Win32.Build.0 = Release_Need_Operator|Win32
		{8CDD8B3B-730A-4E1D-BDDE-8F008BF47A90}.Release_Need_Operator|x64.ActiveCfg = Release_Need_Operator|Win32
		{8CDD8B3B-730A-4E1D-BDDE-8F008BF47A90}.Release|Win32.ActiveCfg = Release|Win32
		{8CDD8B3B-730A-4E1D-BDDE-8F008BF47A90}.Release|Win32.Build.0 = Release|Win32
		{8CDD8B3B-730A-4E1D-BDDE-8F008BF47A90}.Release|x64.ActiveCfg = Release|Win32
	EndGlobalSection
	GlobalSection(SolutionProperties) = preSolution
		HideSolutionNode = FALSE
	EndGlobalSection
EndGlobal
