
Microsoft Visual Studio Solution File, Format Version 12.00
# Visual Studio 2012
Project("{8BC9CEB8-8B4A-11D0-8D11-00A0C91BC942}") = "NCOMIC2012", "nComic\NCOMIC2012.vcxproj", "{11DFD20F-F066-4A53-932B-0E8D02FEDD8F}"
EndProject
Project("{8BC9CEB8-8B4A-11D0-8D11-00A0C91BC942}") = "nComicDrv", "nComicDrv\nComicDrv.vcxproj", "{DB1069D2-DC4B-4598-9F0C-8AE26FA861F1}"
EndProject
Project("{8BC9CEB8-8B4A-11D0-8D11-00A0C91BC942}") = "ComicHelper", "ComicHelper\ComicHelper2012.vcxproj", "{3E2C0921-6732-47F8-8123-621F359CEA5F}"
EndProject
Project("{8BC9CEB8-8B4A-11D0-8D11-00A0C91BC942}") = "ComicHelperProxy", "ComicHelperProxy\ComicHelperProxy2012.vcxproj", "{EA123C3E-54E7-4EA9-952B-8B0EC356EAE6}"
	ProjectSection(ProjectDependencies) = postProject
		{3E2C0921-6732-47F8-8123-621F359CEA5F} = {3E2C0921-6732-47F8-8123-621F359CEA5F}
	EndProjectSection
EndProject
Project("{8BC9CEB8-8B4A-11D0-8D11-00A0C91BC942}") = "ComicService", "ComicService\ComicService2012.vcxproj", "{800544EE-4E75-4FCB-B9CE-C2A921F4852D}"
EndProject
Project("{8BC9CEB8-8B4A-11D0-8D11-00A0C91BC942}") = "ComicServicePS", "ComicService\ComicServicePS2012.vcxproj", "{F24BEDD4-480A-447B-9B3A-3CDB605BE3CA}"
EndProject
Global
	GlobalSection(SolutionConfigurationPlatforms) = preSolution
		Debug|Win32 = Debug|Win32
		Debug|x64 = Debug|x64
		Release|Win32 = Release|Win32
		Release|x64 = Release|x64
	EndGlobalSection
	GlobalSection(ProjectConfigurationPlatforms) = postSolution
		{11DFD20F-F066-4A53-932B-0E8D02FEDD8F}.Debug|Win32.ActiveCfg = Debug|Win32
		{11DFD20F-F066-4A53-932B-0E8D02FEDD8F}.Debug|Win32.Build.0 = Debug|Win32
		{11DFD20F-F066-4A53-932B-0E8D02FEDD8F}.Debug|x64.ActiveCfg = Debug|x64
		{11DFD20F-F066-4A53-932B-0E8D02FEDD8F}.Debug|x64.Build.0 = Debug|x64
		{11DFD20F-F066-4A53-932B-0E8D02FEDD8F}.Release|Win32.ActiveCfg = Release|Win32
		{11DFD20F-F066-4A53-932B-0E8D02FEDD8F}.Release|Win32.Build.0 = Release|Win32
		{11DFD20F-F066-4A53-932B-0E8D02FEDD8F}.Release|x64.ActiveCfg = Release|x64
		{11DFD20F-F066-4A53-932B-0E8D02FEDD8F}.Release|x64.Build.0 = Release|x64
		{DB1069D2-DC4B-4598-9F0C-8AE26FA861F1}.Debug|Win32.ActiveCfg = Debug|Win32
		{DB1069D2-DC4B-4598-9F0C-8AE26FA861F1}.Debug|x64.ActiveCfg = Debug|x64
		{DB1069D2-DC4B-4598-9F0C-8AE26FA861F1}.Release|Win32.ActiveCfg = Release|Win32
		{DB1069D2-DC4B-4598-9F0C-8AE26FA861F1}.Release|x64.ActiveCfg = Release|x64
		{3E2C0921-6732-47F8-8123-621F359CEA5F}.Debug|Win32.ActiveCfg = Debug|Win32
		{3E2C0921-6732-47F8-8123-621F359CEA5F}.Debug|Win32.Build.0 = Debug|Win32
		{3E2C0921-6732-47F8-8123-621F359CEA5F}.Debug|x64.ActiveCfg = Debug|x64
		{3E2C0921-6732-47F8-8123-621F359CEA5F}.Debug|x64.Build.0 = Debug|x64
		{3E2C0921-6732-47F8-8123-621F359CEA5F}.Release|Win32.ActiveCfg = Release|Win32
		{3E2C0921-6732-47F8-8123-621F359CEA5F}.Release|Win32.Build.0 = Release|Win32
		{3E2C0921-6732-47F8-8123-621F359CEA5F}.Release|x64.ActiveCfg = Release|x64
		{3E2C0921-6732-47F8-8123-621F359CEA5F}.Release|x64.Build.0 = Release|x64
		{EA123C3E-54E7-4EA9-952B-8B0EC356EAE6}.Debug|Win32.ActiveCfg = Debug|Win32
		{EA123C3E-54E7-4EA9-952B-8B0EC356EAE6}.Debug|Win32.Build.0 = Debug|Win32
		{EA123C3E-54E7-4EA9-952B-8B0EC356EAE6}.Debug|x64.ActiveCfg = Debug|x64
		{EA123C3E-54E7-4EA9-952B-8B0EC356EAE6}.Debug|x64.Build.0 = Debug|x64
		{EA123C3E-54E7-4EA9-952B-8B0EC356EAE6}.Release|Win32.ActiveCfg = Release|Win32
		{EA123C3E-54E7-4EA9-952B-8B0EC356EAE6}.Release|Win32.Build.0 = Release|Win32
		{EA123C3E-54E7-4EA9-952B-8B0EC356EAE6}.Release|x64.ActiveCfg = Release|x64
		{EA123C3E-54E7-4EA9-952B-8B0EC356EAE6}.Release|x64.Build.0 = Release|x64
		{800544EE-4E75-4FCB-B9CE-C2A921F4852D}.Debug|Win32.ActiveCfg = Debug|Win32
		{800544EE-4E75-4FCB-B9CE-C2A921F4852D}.Debug|Win32.Build.0 = Debug|Win32
		{800544EE-4E75-4FCB-B9CE-C2A921F4852D}.Debug|x64.ActiveCfg = Debug|x64
		{800544EE-4E75-4FCB-B9CE-C2A921F4852D}.Release|Win32.ActiveCfg = Release|Win32
		{800544EE-4E75-4FCB-B9CE-C2A921F4852D}.Release|Win32.Build.0 = Release|Win32
		{800544EE-4E75-4FCB-B9CE-C2A921F4852D}.Release|x64.ActiveCfg = Release|x64
		{F24BEDD4-480A-447B-9B3A-3CDB605BE3CA}.Debug|Win32.ActiveCfg = Debug|Win32
		{F24BEDD4-480A-447B-9B3A-3CDB605BE3CA}.Debug|Win32.Build.0 = Debug|Win32
		{F24BEDD4-480A-447B-9B3A-3CDB605BE3CA}.Debug|x64.ActiveCfg = Debug|x64
		{F24BEDD4-480A-447B-9B3A-3CDB605BE3CA}.Release|Win32.ActiveCfg = Release|Win32
		{F24BEDD4-480A-447B-9B3A-3CDB605BE3CA}.Release|Win32.Build.0 = Release|Win32
		{F24BEDD4-480A-447B-9B3A-3CDB605BE3CA}.Release|x64.ActiveCfg = Release|x64
	EndGlobalSection
	GlobalSection(SolutionProperties) = preSolution
		HideSolutionNode = FALSE
	EndGlobalSection
EndGlobal
