
Microsoft Visual Studio Solution File, Format Version 10.00
# Visual Studio 2008
Project("{8BC9CEB8-8B4A-11D0-8D11-00A0C91BC942}") = "Chrome", "Chrome.vcproj", "{36200DA7-2A74-45BD-B046-4DF7C43B0381}"
EndProject
Project("{2150E333-8FDC-42A3-9474-1A3956D46DE8}") = "Solution Items", "Solution Items", "{21339F4F-780A-4D41-88FF-FDBA0AF3C545}"
	ProjectSection(SolutionItems) = preProject
		..\ChromePluginStudy.h = ..\ChromePluginStudy.h
	EndProjectSection
EndProject
Global
	GlobalSection(SolutionConfigurationPlatforms) = preSolution
		Debug|Win32 = Debug|Win32
		Release|Win32 = Release|Win32
	EndGlobalSection
	GlobalSection(ProjectConfigurationPlatforms) = postSolution
		{36200DA7-2A74-45BD-B046-4DF7C43B0381}.Debug|Win32.ActiveCfg = Debug|Win32
		{36200DA7-2A74-45BD-B046-4DF7C43B0381}.Debug|Win32.Build.0 = Debug|Win32
		{36200DA7-2A74-45BD-B046-4DF7C43B0381}.Release|Win32.ActiveCfg = Release|Win32
		{36200DA7-2A74-45BD-B046-4DF7C43B0381}.Release|Win32.Build.0 = Release|Win32
	EndGlobalSection
	GlobalSection(SolutionProperties) = preSolution
		HideSolutionNode = FALSE
	EndGlobalSection
EndGlobal
