Microsoft Visual Studio Solution File, Format Version 10.00
# Visual Studio 2008
Project("{8BC9CEB8-8B4A-11D0-8D11-00A0C91BC942}") = "PocoTester", "PocoTester2008.vcproj", "{9CDD8B3B-830A-5E1D-CDDE-9F008BF47A90}"
EndProject
Project("{8BC9CEB8-8B4A-11D0-8D11-00A0C91BC942}") = "FTL_ALL", "..\..\..\FTL_ALL\FTL_ALL.vcproj", "{F6E52FA5-531E-4A52-99F7-9465A309A3EB}"
EndProject
Global
	GlobalSection(SubversionScc) = preSolution
		Svn-Managed = True
		Manager = AnkhSVN - Subversion Support for Visual Studio
	EndGlobalSection
	GlobalSection(SolutionConfigurationPlatforms) = preSolution
		Debug_Need_Operator|Win32 = Debug_Need_Operator|Win32
		Debug|Win32 = Debug|Win32
		Release_Need_Operator|Win32 = Release_Need_Operator|Win32
		Release|Win32 = Release|Win32
	EndGlobalSection
	GlobalSection(ProjectConfigurationPlatforms) = postSolution
		{9CDD8B3B-830A-5E1D-CDDE-9F008BF47A90}.Debug_Need_Operator|Win32.ActiveCfg = Debug_Need_Operator|Win32
		{9CDD8B3B-830A-5E1D-CDDE-9F008BF47A90}.Debug_Need_Operator|Win32.Build.0 = Debug_Need_Operator|Win32
		{9CDD8B3B-830A-5E1D-CDDE-9F008BF47A90}.Debug|Win32.ActiveCfg = Debug|Win32
		{9CDD8B3B-830A-5E1D-CDDE-9F008BF47A90}.Debug|Win32.Build.0 = Debug|Win32
		{9CDD8B3B-830A-5E1D-CDDE-9F008BF47A90}.Release_Need_Operator|Win32.ActiveCfg = Release_Need_Operator|Win32
		{9CDD8B3B-830A-5E1D-CDDE-9F008BF47A90}.Release_Need_Operator|Win32.Build.0 = Release_Need_Operator|Win32
		{9CDD8B3B-830A-5E1D-CDDE-9F008BF47A90}.Release|Win32.ActiveCfg = Release|Win32
		{9CDD8B3B-830A-5E1D-CDDE-9F008BF47A90}.Release|Win32.Build.0 = Release|Win32
		{F6E52FA5-531E-4A52-99F7-9465A309A3EB}.Debug_Need_Operator|Win32.ActiveCfg = Debug|Win32
		{F6E52FA5-531E-4A52-99F7-9465A309A3EB}.Debug|Win32.ActiveCfg = Debug|Win32
		{F6E52FA5-531E-4A52-99F7-9465A309A3EB}.Release_Need_Operator|Win32.ActiveCfg = Release|Win32
		{F6E52FA5-531E-4A52-99F7-9465A309A3EB}.Release|Win32.ActiveCfg = Release|Win32
	EndGlobalSection
	GlobalSection(SolutionProperties) = preSolution
		HideSolutionNode = FALSE
	EndGlobalSection
EndGlobal
