
Microsoft Visual Studio Solution File, Format Version 10.00
# Visual Studio 2008
Project("{8BC9CEB8-8B4A-11D0-8D11-00A0C91BC942}") = "NCastTester", "NCastTester\NCastTester.vcproj", "{39BC8C98-2F80-4CC6-9EB4-51DA7E6A2490}"
	ProjectSection(ProjectDependencies) = postProject
		{9E7CF7E9-631D-407B-A859-68B816592B03} = {9E7CF7E9-631D-407B-A859-68B816592B03}
	EndProjectSection
EndProject
Project("{8BC9CEB8-8B4A-11D0-8D11-00A0C91BC942}") = "Neptune", "Neptune\Neptune.vcproj", "{12AFF2E5-6D95-4809-9728-9551677C078A}"
EndProject
Project("{8BC9CEB8-8B4A-11D0-8D11-00A0C91BC942}") = "Platinum", "Platinum\Platinum.vcproj", "{568611D3-AFA7-4294-99C1-E9AED0D8057E}"
EndProject
Project("{2150E333-8FDC-42A3-9474-1A3956D46DE8}") = "Handlers", "Handlers", "{9D831F19-FB84-4DC3-BB7F-9A1723FE3A29}"
	ProjectSection(SolutionItems) = preProject
		Hanlders\CastingDefine.h = Hanlders\CastingDefine.h
		Hanlders\CastingHandler.h = Hanlders\CastingHandler.h
		Hanlders\CastingMangager.h = Hanlders\CastingMangager.h
	EndProjectSection
EndProject
Project("{8BC9CEB8-8B4A-11D0-8D11-00A0C91BC942}") = "DLNAHandler", "Hanlders\DLNAHandler\DLNAHandler.vcproj", "{9E7CF7E9-631D-407B-A859-68B816592B03}"
	ProjectSection(ProjectDependencies) = postProject
		{5A06F861-0EFF-417B-89C3-963A172CE6EE} = {5A06F861-0EFF-417B-89C3-963A172CE6EE}
		{568611D3-AFA7-4294-99C1-E9AED0D8057E} = {568611D3-AFA7-4294-99C1-E9AED0D8057E}
		{12AFF2E5-6D95-4809-9728-9551677C078A} = {12AFF2E5-6D95-4809-9728-9551677C078A}
	EndProjectSection
EndProject
Project("{8BC9CEB8-8B4A-11D0-8D11-00A0C91BC942}") = "axTLS", "axTLS\axTLS.vcproj", "{5A06F861-0EFF-417B-89C3-963A172CE6EE}"
EndProject
Global
	GlobalSection(SolutionConfigurationPlatforms) = preSolution
		Debug|Win32 = Debug|Win32
		Release|Win32 = Release|Win32
	EndGlobalSection
	GlobalSection(ProjectConfigurationPlatforms) = postSolution
		{39BC8C98-2F80-4CC6-9EB4-51DA7E6A2490}.Debug|Win32.ActiveCfg = Debug|Win32
		{39BC8C98-2F80-4CC6-9EB4-51DA7E6A2490}.Debug|Win32.Build.0 = Debug|Win32
		{39BC8C98-2F80-4CC6-9EB4-51DA7E6A2490}.Release|Win32.ActiveCfg = Release|Win32
		{39BC8C98-2F80-4CC6-9EB4-51DA7E6A2490}.Release|Win32.Build.0 = Release|Win32
		{12AFF2E5-6D95-4809-9728-9551677C078A}.Debug|Win32.ActiveCfg = Debug|Win32
		{12AFF2E5-6D95-4809-9728-9551677C078A}.Debug|Win32.Build.0 = Debug|Win32
		{12AFF2E5-6D95-4809-9728-9551677C078A}.Release|Win32.ActiveCfg = Release|Win32
		{12AFF2E5-6D95-4809-9728-9551677C078A}.Release|Win32.Build.0 = Release|Win32
		{568611D3-AFA7-4294-99C1-E9AED0D8057E}.Debug|Win32.ActiveCfg = Debug|Win32
		{568611D3-AFA7-4294-99C1-E9AED0D8057E}.Debug|Win32.Build.0 = Debug|Win32
		{568611D3-AFA7-4294-99C1-E9AED0D8057E}.Release|Win32.ActiveCfg = Release|Win32
		{568611D3-AFA7-4294-99C1-E9AED0D8057E}.Release|Win32.Build.0 = Release|Win32
		{9E7CF7E9-631D-407B-A859-68B816592B03}.Debug|Win32.ActiveCfg = Debug|Win32
		{9E7CF7E9-631D-407B-A859-68B816592B03}.Debug|Win32.Build.0 = Debug|Win32
		{9E7CF7E9-631D-407B-A859-68B816592B03}.Release|Win32.ActiveCfg = Release|Win32
		{9E7CF7E9-631D-407B-A859-68B816592B03}.Release|Win32.Build.0 = Release|Win32
		{5A06F861-0EFF-417B-89C3-963A172CE6EE}.Debug|Win32.ActiveCfg = Debug|Win32
		{5A06F861-0EFF-417B-89C3-963A172CE6EE}.Debug|Win32.Build.0 = Debug|Win32
		{5A06F861-0EFF-417B-89C3-963A172CE6EE}.Release|Win32.ActiveCfg = Release|Win32
		{5A06F861-0EFF-417B-89C3-963A172CE6EE}.Release|Win32.Build.0 = Release|Win32
	EndGlobalSection
	GlobalSection(SolutionProperties) = preSolution
		HideSolutionNode = FALSE
	EndGlobalSection
	GlobalSection(NestedProjects) = preSolution
		{9E7CF7E9-631D-407B-A859-68B816592B03} = {9D831F19-FB84-4DC3-BB7F-9A1723FE3A29}
	EndGlobalSection
EndGlobal
