
Microsoft Visual Studio Solution File, Format Version 10.00
# Visual Studio 2008
Project("{8BC9CEB8-8B4A-11D0-8D11-00A0C91BC942}") = "PortableInstallerMaker", "PortableInstallerMaker.vcproj", "{D94AC38B-D2D9-4D69-950D-D1BA527DBCC8}"
	ProjectSection(ProjectDependencies) = postProject
		{3E2C0921-6732-47F8-8123-621F359CEA5F} = {3E2C0921-6732-47F8-8123-621F359CEA5F}
	EndProjectSection
EndProject
Project("{8BC9CEB8-8B4A-11D0-8D11-00A0C91BC942}") = "SetupMakerHelper", "SetupMakerHelper\SetupMakerHelper.vcproj", "{3E2C0921-6732-47F8-8123-621F359CEA5F}"
EndProject
Global
	GlobalSection(SolutionConfigurationPlatforms) = preSolution
		Debug|Win32 = Debug|Win32
		Release|Win32 = Release|Win32
	EndGlobalSection
	GlobalSection(ProjectConfigurationPlatforms) = postSolution
		{D94AC38B-D2D9-4D69-950D-D1BA527DBCC8}.Debug|Win32.ActiveCfg = Debug|Win32
		{D94AC38B-D2D9-4D69-950D-D1BA527DBCC8}.Debug|Win32.Build.0 = Debug|Win32
		{D94AC38B-D2D9-4D69-950D-D1BA527DBCC8}.Release|Win32.ActiveCfg = Release|Win32
		{D94AC38B-D2D9-4D69-950D-D1BA527DBCC8}.Release|Win32.Build.0 = Release|Win32
		{3E2C0921-6732-47F8-8123-621F359CEA5F}.Debug|Win32.ActiveCfg = Debug|Win32
		{3E2C0921-6732-47F8-8123-621F359CEA5F}.Debug|Win32.Build.0 = Debug|Win32
		{3E2C0921-6732-47F8-8123-621F359CEA5F}.Release|Win32.ActiveCfg = Release|Win32
		{3E2C0921-6732-47F8-8123-621F359CEA5F}.Release|Win32.Build.0 = Release|Win32
	EndGlobalSection
	GlobalSection(SolutionProperties) = preSolution
		HideSolutionNode = FALSE
	EndGlobalSection
EndGlobal
